// !$*UTF8*$!
{
	archiveVersion = 1;
	classes = {
	};
	objectVersion = 50;
	objects = {

/* Begin PBXBuildFile section */
		01C2BD91215CCB06002C024B /* AppDelegate.swift in Sources */ = {isa = PBXBuildFile; fileRef = 01C2BD90215CCB06002C024B /* AppDelegate.swift */; };
		01C2BD93215CCB06002C024B /* ViewController.swift in Sources */ = {isa = PBXBuildFile; fileRef = 01C2BD92215CCB06002C024B /* ViewController.swift */; };
		01C2BD96215CCB06002C024B /* Main.storyboard in Resources */ = {isa = PBXBuildFile; fileRef = 01C2BD94215CCB06002C024B /* Main.storyboard */; };
		01C2BD98215CCB08002C024B /* Assets.xcassets in Resources */ = {isa = PBXBuildFile; fileRef = 01C2BD97215CCB08002C024B /* Assets.xcassets */; };
		01C2BD9B215CCB08002C024B /* LaunchScreen.storyboard in Resources */ = {isa = PBXBuildFile; fileRef = 01C2BD99215CCB08002C024B /* LaunchScreen.storyboard */; };
		01C2BDA6215CCB08002C024B /* RXTableViewDemoTests.swift in Sources */ = {isa = PBXBuildFile; fileRef = 01C2BDA5215CCB08002C024B /* RXTableViewDemoTests.swift */; };
		01C2BDB1215CCB08002C024B /* RXTableViewDemoUITests.swift in Sources */ = {isa = PBXBuildFile; fileRef = 01C2BDB0215CCB08002C024B /* RXTableViewDemoUITests.swift */; };
		01C2BDBF215CCCE7002C024B /* MusicTableViewCell.swift in Sources */ = {isa = PBXBuildFile; fileRef = 01C2BDBE215CCCE7002C024B /* MusicTableViewCell.swift */; };
		01C2BDC1215CD2A1002C024B /* MusicList.swift in Sources */ = {isa = PBXBuildFile; fileRef = 01C2BDC0215CD2A1002C024B /* MusicList.swift */; };
		01C2BDC3215CD2B8002C024B /* Music.swift in Sources */ = {isa = PBXBuildFile; fileRef = 01C2BDC2215CD2B8002C024B /* Music.swift */; };
		9B2EA9764123FCD7C72971E9 /* Pods_RXTableViewDemo.framework in Frameworks */ = {isa = PBXBuildFile; fileRef = DAE695565F183F640F49B100 /* Pods_RXTableViewDemo.framework */; };
/* End PBXBuildFile section */

/* Begin PBXContainerItemProxy section */
		01C2BDA2215CCB08002C024B /* PBXContainerItemProxy */ = {
			isa = PBXContainerItemProxy;
			containerPortal = 01C2BD85215CCB06002C024B /* Project object */;
			proxyType = 1;
			remoteGlobalIDString = 01C2BD8C215CCB06002C024B;
			remoteInfo = RXTableViewDemo;
		};
		01C2BDAD215CCB08002C024B /* PBXContainerItemProxy */ = {
			isa = PBXContainerItemProxy;
			containerPortal = 01C2BD85215CCB06002C024B /* Project object */;
			proxyType = 1;
			remoteGlobalIDString = 01C2BD8C215CCB06002C024B;
			remoteInfo = RXTableViewDemo;
		};
/* End PBXContainerItemProxy section */

/* Begin PBXFileReference section */
		01C2BD8D215CCB06002C024B /* RXTableViewDemo.app */ = {isa = PBXFileReference; explicitFileType = wrapper.application; includeInIndex = 0; path = RXTableViewDemo.app; sourceTree = BUILT_PRODUCTS_DIR; };
		01C2BD90215CCB06002C024B /* AppDelegate.swift */ = {isa = PBXFileReference; lastKnownFileType = sourcecode.swift; path = AppDelegate.swift; sourceTree = "<group>"; };
		01C2BD92215CCB06002C024B /* ViewController.swift */ = {isa = PBXFileReference; lastKnownFileType = sourcecode.swift; path = ViewController.swift; sourceTree = "<group>"; };
		01C2BD95215CCB06002C024B /* Base */ = {isa = PBXFileReference; lastKnownFileType = file.storyboard; name = Base; path = Base.lproj/Main.storyboard; sourceTree = "<group>"; };
		01C2BD97215CCB08002C024B /* Assets.xcassets */ = {isa = PBXFileReference; lastKnownFileType = folder.assetcatalog; path = Assets.xcassets; sourceTree = "<group>"; };
		01C2BD9A215CCB08002C024B /* Base */ = {isa = PBXFileReference; lastKnownFileType = file.storyboard; name = Base; path = Base.lproj/LaunchScreen.storyboard; sourceTree = "<group>"; };
		01C2BD9C215CCB08002C024B /* Info.plist */ = {isa = PBXFileReference; lastKnownFileType = text.plist.xml; path = Info.plist; sourceTree = "<group>"; };
		01C2BDA1215CCB08002C024B /* RXTableViewDemoTests.xctest */ = {isa = PBXFileReference; explicitFileType = wrapper.cfbundle; includeInIndex = 0; path = RXTableViewDemoTests.xctest; sourceTree = BUILT_PRODUCTS_DIR; };
		01C2BDA5215CCB08002C024B /* RXTableViewDemoTests.swift */ = {isa = PBXFileReference; lastKnownFileType = sourcecode.swift; path = RXTableViewDemoTests.swift; sourceTree = "<group>"; };
		01C2BDA7215CCB08002C024B /* Info.plist */ = {isa = PBXFileReference; lastKnownFileType = text.plist.xml; path = Info.plist; sourceTree = "<group>"; };
		01C2BDAC215CCB08002C024B /* RXTableViewDemoUITests.xctest */ = {isa = PBXFileReference; explicitFileType = wrapper.cfbundle; includeInIndex = 0; path = RXTableViewDemoUITests.xctest; sourceTree = BUILT_PRODUCTS_DIR; };
		01C2BDB0215CCB08002C024B /* RXTableViewDemoUITests.swift */ = {isa = PBXFileReference; lastKnownFileType = sourcecode.swift; path = RXTableViewDemoUITests.swift; sourceTree = "<group>"; };
		01C2BDB2215CCB08002C024B /* Info.plist */ = {isa = PBXFileReference; lastKnownFileType = text.plist.xml; path = Info.plist; sourceTree = "<group>"; };
		01C2BDBE215CCCE7002C024B /* MusicTableViewCell.swift */ = {isa = PBXFileReference; lastKnownFileType = sourcecode.swift; path = MusicTableViewCell.swift; sourceTree = "<group>"; };
		01C2BDC0215CD2A1002C024B /* MusicList.swift */ = {isa = PBXFileReference; lastKnownFileType = sourcecode.swift; path = MusicList.swift; sourceTree = "<group>"; };
		01C2BDC2215CD2B8002C024B /* Music.swift */ = {isa = PBXFileReference; lastKnownFileType = sourcecode.swift; path = Music.swift; sourceTree = "<group>"; };
		18A206BA202EB4B95CD28ABD /* Pods-RXTableViewDemo.release.xcconfig */ = {isa = PBXFileReference; includeInIndex = 1; lastKnownFileType = text.xcconfig; name = "Pods-RXTableViewDemo.release.xcconfig"; path = "Pods/Target Support Files/Pods-RXTableViewDemo/Pods-RXTableViewDemo.release.xcconfig"; sourceTree = "<group>"; };
		1AF7D8C00561E00E304E9949 /* Pods-RXTableViewDemo.debug.xcconfig */ = {isa = PBXFileReference; includeInIndex = 1; lastKnownFileType = text.xcconfig; name = "Pods-RXTableViewDemo.debug.xcconfig"; path = "Pods/Target Support Files/Pods-RXTableViewDemo/Pods-RXTableViewDemo.debug.xcconfig"; sourceTree = "<group>"; };
		DAE695565F183F640F49B100 /* Pods_RXTableViewDemo.framework */ = {isa = PBXFileReference; explicitFileType = wrapper.framework; includeInIndex = 0; path = Pods_RXTableViewDemo.framework; sourceTree = BUILT_PRODUCTS_DIR; };
/* End PBXFileReference section */

/* Begin PBXFrameworksBuildPhase section */
		01C2BD8A215CCB06002C024B /* Frameworks */ = {
			isa = PBXFrameworksBuildPhase;
			buildActionMask = 2147483647;
			files = (
				9B2EA9764123FCD7C72971E9 /* Pods_RXTableViewDemo.framework in Frameworks */,
			);
			runOnlyForDeploymentPostprocessing = 0;
		};
		01C2BD9E215CCB08002C024B /* Frameworks */ = {
			isa = PBXFrameworksBuildPhase;
			buildActionMask = 2147483647;
			files = (
			);
			runOnlyForDeploymentPostprocessing = 0;
		};
		01C2BDA9215CCB08002C024B /* Frameworks */ = {
			isa = PBXFrameworksBuildPhase;
			buildActionMask = 2147483647;
			files = (
			);
			runOnlyForDeploymentPostprocessing = 0;
		};
/* End PBXFrameworksBuildPhase section */

/* Begin PBXGroup section */
		01C2BD84215CCB06002C024B = {
			isa = PBXGroup;
			children = (
				01C2BD8F215CCB06002C024B /* RXTableViewDemo */,
				01C2BDA4215CCB08002C024B /* RXTableViewDemoTests */,
				01C2BDAF215CCB08002C024B /* RXTableViewDemoUITests */,
				01C2BD8E215CCB06002C024B /* Products */,
				3E96CC5FA2EB104D4CA9C23A /* Pods */,
				1C90395ECE2707868FA3EC89 /* Frameworks */,
			);
			sourceTree = "<group>";
		};
		01C2BD8E215CCB06002C024B /* Products */ = {
			isa = PBXGroup;
			children = (
				01C2BD8D215CCB06002C024B /* RXTableViewDemo.app */,
				01C2BDA1215CCB08002C024B /* RXTableViewDemoTests.xctest */,
				01C2BDAC215CCB08002C024B /* RXTableViewDemoUITests.xctest */,
			);
			name = Products;
			sourceTree = "<group>";
		};
		01C2BD8F215CCB06002C024B /* RXTableViewDemo */ = {
			isa = PBXGroup;
			children = (
				01C2BD90215CCB06002C024B /* AppDelegate.swift */,
				01C2BD92215CCB06002C024B /* ViewController.swift */,
				01C2BDBE215CCCE7002C024B /* MusicTableViewCell.swift */,
				01C2BDC0215CD2A1002C024B /* MusicList.swift */,
				01C2BDC2215CD2B8002C024B /* Music.swift */,
				01C2BD94215CCB06002C024B /* Main.storyboard */,
				01C2BD97215CCB08002C024B /* Assets.xcassets */,
				01C2BD99215CCB08002C024B /* LaunchScreen.storyboard */,
				01C2BD9C215CCB08002C024B /* Info.plist */,
			);
			path = RXTableViewDemo;
			sourceTree = "<group>";
		};
		01C2BDA4215CCB08002C024B /* RXTableViewDemoTests */ = {
			isa = PBXGroup;
			children = (
				01C2BDA5215CCB08002C024B /* RXTableViewDemoTests.swift */,
				01C2BDA7215CCB08002C024B /* Info.plist */,
			);
			path = RXTableViewDemoTests;
			sourceTree = "<group>";
		};
		01C2BDAF215CCB08002C024B /* RXTableViewDemoUITests */ = {
			isa = PBXGroup;
			children = (
				01C2BDB0215CCB08002C024B /* RXTableViewDemoUITests.swift */,
				01C2BDB2215CCB08002C024B /* Info.plist */,
			);
			path = RXTableViewDemoUITests;
			sourceTree = "<group>";
		};
		1C90395ECE2707868FA3EC89 /* Frameworks */ = {
			isa = PBXGroup;
			children = (
				DAE695565F183F640F49B100 /* Pods_RXTableViewDemo.framework */,
			);
			name = Frameworks;
			sourceTree = "<group>";
		};
		3E96CC5FA2EB104D4CA9C23A /* Pods */ = {
			isa = PBXGroup;
			children = (
				1AF7D8C00561E00E304E9949 /* Pods-RXTableViewDemo.debug.xcconfig */,
				18A206BA202EB4B95CD28ABD /* Pods-RXTableViewDemo.release.xcconfig */,
			);
			name = Pods;
			sourceTree = "<group>";
		};
/* End PBXGroup section */

/* Begin PBXNativeTarget section */
		01C2BD8C215CCB06002C024B /* RXTableViewDemo */ = {
			isa = PBXNativeTarget;
			buildConfigurationList = 01C2BDB5215CCB08002C024B /* Build configuration list for PBXNativeTarget "RXTableViewDemo" */;
			buildPhases = (
				8F80D750C3E00E36B903497C /* [CP] Check Pods Manifest.lock */,
				01C2BD89215CCB06002C024B /* Sources */,
				01C2BD8A215CCB06002C024B /* Frameworks */,
				01C2BD8B215CCB06002C024B /* Resources */,
				8C3ABD1A5C732A660DA76B91 /* [CP] Embed Pods Frameworks */,
			);
			buildRules = (
			);
			dependencies = (
			);
			name = RXTableViewDemo;
			productName = RXTableViewDemo;
			productReference = 01C2BD8D215CCB06002C024B /* RXTableViewDemo.app */;
			productType = "com.apple.product-type.application";
		};
		01C2BDA0215CCB08002C024B /* RXTableViewDemoTests */ = {
			isa = PBXNativeTarget;
			buildConfigurationList = 01C2BDB8215CCB08002C024B /* Build configuration list for PBXNativeTarget "RXTableViewDemoTests" */;
			buildPhases = (
				01C2BD9D215CCB08002C024B /* Sources */,
				01C2BD9E215CCB08002C024B /* Frameworks */,
				01C2BD9F215CCB08002C024B /* Resources */,
			);
			buildRules = (
			);
			dependencies = (
				01C2BDA3215CCB08002C024B /* PBXTargetDependency */,
			);
			name = RXTableViewDemoTests;
			productName = RXTableViewDemoTests;
			productReference = 01C2BDA1215CCB08002C024B /* RXTableViewDemoTests.xctest */;
			productType = "com.apple.product-type.bundle.unit-test";
		};
		01C2BDAB215CCB08002C024B /* RXTableViewDemoUITests */ = {
			isa = PBXNativeTarget;
			buildConfigurationList = 01C2BDBB215CCB08002C024B /* Build configuration list for PBXNativeTarget "RXTableViewDemoUITests" */;
			buildPhases = (
				01C2BDA8215CCB08002C024B /* Sources */,
				01C2BDA9215CCB08002C024B /* Frameworks */,
				01C2BDAA215CCB08002C024B /* Resources */,
			);
			buildRules = (
			);
			dependencies = (
				01C2BDAE215CCB08002C024B /* PBXTargetDependency */,
			);
			name = RXTableViewDemoUITests;
			productName = RXTableViewDemoUITests;
			productReference = 01C2BDAC215CCB08002C024B /* RXTableViewDemoUITests.xctest */;
			productType = "com.apple.product-type.bundle.ui-testing";
		};
/* End PBXNativeTarget section */

/* Begin PBXProject section */
		01C2BD85215CCB06002C024B /* Project object */ = {
			isa = PBXProject;
			attributes = {
				LastSwiftUpdateCheck = 1000;
				LastUpgradeCheck = 1000;
				ORGANIZATIONNAME = Nick;
				TargetAttributes = {
					01C2BD8C215CCB06002C024B = {
						CreatedOnToolsVersion = 10.0;
					};
					01C2BDA0215CCB08002C024B = {
						CreatedOnToolsVersion = 10.0;
						TestTargetID = 01C2BD8C215CCB06002C024B;
					};
					01C2BDAB215CCB08002C024B = {
						CreatedOnToolsVersion = 10.0;
						TestTargetID = 01C2BD8C215CCB06002C024B;
					};
				};
			};
			buildConfigurationList = 01C2BD88215CCB06002C024B /* Build configuration list for PBXProject "RXTableViewDemo" */;
			compatibilityVersion = "Xcode 9.3";
			developmentRegion = en;
			hasScannedForEncodings = 0;
			knownRegions = (
				en,
				Base,
			);
			mainGroup = 01C2BD84215CCB06002C024B;
			productRefGroup = 01C2BD8E215CCB06002C024B /* Products */;
			projectDirPath = "";
			projectRoot = "";
			targets = (
				01C2BD8C215CCB06002C024B /* RXTableViewDemo */,
				01C2BDA0215CCB08002C024B /* RXTableViewDemoTests */,
				01C2BDAB215CCB08002C024B /* RXTableViewDemoUITests */,
			);
		};
/* End PBXProject section */

/* Begin PBXResourcesBuildPhase section */
		01C2BD8B215CCB06002C024B /* Resources */ = {
			isa = PBXResourcesBuildPhase;
			buildActionMask = 2147483647;
			files = (
				01C2BD9B215CCB08002C024B /* LaunchScreen.storyboard in Resources */,
				01C2BD98215CCB08002C024B /* Assets.xcassets in Resources */,
				01C2BD96215CCB06002C024B /* Main.storyboard in Resources */,
			);
			runOnlyForDeploymentPostprocessing = 0;
		};
		01C2BD9F215CCB08002C024B /* Resources */ = {
			isa = PBXResourcesBuildPhase;
			buildActionMask = 2147483647;
			files = (
			);
			runOnlyForDeploymentPostprocessing = 0;
		};
		01C2BDAA215CCB08002C024B /* Resources */ = {
			isa = PBXResourcesBuildPhase;
			buildActionMask = 2147483647;
			files = (
			);
			runOnlyForDeploymentPostprocessing = 0;
		};
/* End PBXResourcesBuildPhase section */

/* Begin PBXShellScriptBuildPhase section */
		8C3ABD1A5C732A660DA76B91 /* [CP] Embed Pods Frameworks */ = {
			isa = PBXShellScriptBuildPhase;
			buildActionMask = 2147483647;
			files = (
			);
			inputFileListPaths = (
			);
			inputPaths = (
				"${SRCROOT}/Pods/Target Support Files/Pods-RXTableViewDemo/Pods-RXTableViewDemo-frameworks.sh",
				"${BUILT_PRODUCTS_DIR}/RxCocoa/RxCocoa.framework",
				"${BUILT_PRODUCTS_DIR}/RxSwift/RxSwift.framework",
			);
			name = "[CP] Embed Pods Frameworks";
			outputFileListPaths = (
			);
			outputPaths = (
				"${TARGET_BUILD_DIR}/${FRAMEWORKS_FOLDER_PATH}/RxCocoa.framework",
				"${TARGET_BUILD_DIR}/${FRAMEWORKS_FOLDER_PATH}/RxSwift.framework",
			);
			runOnlyForDeploymentPostprocessing = 0;
			shellPath = /bin/sh;
			shellScript = "\"${SRCROOT}/Pods/Target Support Files/Pods-RXTableViewDemo/Pods-RXTableViewDemo-frameworks.sh\"\n";
			showEnvVarsInLog = 0;
		};
		8F80D750C3E00E36B903497C /* [CP] Check Pods Manifest.lock */ = {
			isa = PBXShellScriptBuildPhase;
			buildActionMask = 2147483647;
			files = (
			);
			inputFileListPaths = (
			);
			inputPaths = (
				"${PODS_PODFILE_DIR_PATH}/Podfile.lock",
				"${PODS_ROOT}/Manifest.lock",
			);
			name = "[CP] Check Pods Manifest.lock";
			outputFileListPaths = (
			);
			outputPaths = (
				"$(DERIVED_FILE_DIR)/Pods-RXTableViewDemo-checkManifestLockResult.txt",
			);
			runOnlyForDeploymentPostprocessing = 0;
			shellPath = /bin/sh;
			shellScript = "diff \"${PODS_PODFILE_DIR_PATH}/Podfile.lock\" \"${PODS_ROOT}/Manifest.lock\" > /dev/null\nif [ $? != 0 ] ; then\n    # print error to STDERR\n    echo \"error: The sandbox is not in sync with the Podfile.lock. Run 'pod install' or update your CocoaPods installation.\" >&2\n    exit 1\nfi\n# This output is used by Xcode 'outputs' to avoid re-running this script phase.\necho \"SUCCESS\" > \"${SCRIPT_OUTPUT_FILE_0}\"\n";
			showEnvVarsInLog = 0;
		};
/* End PBXShellScriptBuildPhase section */

/* Begin PBXSourcesBuildPhase section */
		01C2BD89215CCB06002C024B /* Sources */ = {
			isa = PBXSourcesBuildPhase;
			buildActionMask = 2147483647;
			files = (
				01C2BD93215CCB06002C024B /* ViewController.swift in Sources */,
				01C2BD91215CCB06002C024B /* AppDelegate.swift in Sources */,
				01C2BDC3215CD2B8002C024B /* Music.swift in Sources */,
				01C2BDBF215CCCE7002C024B /* MusicTableViewCell.swift in Sources */,
				01C2BDC1215CD2A1002C024B /* MusicList.swift in Sources */,
			);
			runOnlyForDeploymentPostprocessing = 0;
		};
		01C2BD9D215CCB08002C024B /* Sources */ = {
			isa = PBXSourcesBuildPhase;
			buildActionMask = 2147483647;
			files = (
				01C2BDA6215CCB08002C024B /* RXTableViewDemoTests.swift in Sources */,
			);
			runOnlyForDeploymentPostprocessing = 0;
		};
		01C2BDA8215CCB08002C024B /* Sources */ = {
			isa = PBXSourcesBuildPhase;
			buildActionMask = 2147483647;
			files = (
				01C2BDB1215CCB08002C024B /* RXTableViewDemoUITests.swift in Sources */,
			);
			runOnlyForDeploymentPostprocessing = 0;
		};
/* End PBXSourcesBuildPhase section */

/* Begin PBXTargetDependency section */
		01C2BDA3215CCB08002C024B /* PBXTargetDependency */ = {
			isa = PBXTargetDependency;
			target = 01C2BD8C215CCB06002C024B /* RXTableViewDemo */;
			targetProxy = 01C2BDA2215CCB08002C024B /* PBXContainerItemProxy */;
		};
		01C2BDAE215CCB08002C024B /* PBXTargetDependency */ = {
			isa = PBXTargetDependency;
			target = 01C2BD8C215CCB06002C024B /* RXTableViewDemo */;
			targetProxy = 01C2BDAD215CCB08002C024B /* PBXContainerItemProxy */;
		};
/* End PBXTargetDependency section */

/* Begin PBXVariantGroup section */
		01C2BD94215CCB06002C024B /* Main.storyboard */ = {
			isa = PBXVariantGroup;
			children = (
				01C2BD95215CCB06002C024B /* Base */,
			);
			name = Main.storyboard;
			sourceTree = "<group>";
		};
		01C2BD99215CCB08002C024B /* LaunchScreen.storyboard */ = {
			isa = PBXVariantGroup;
			children = (
				01C2BD9A215CCB08002C024B /* Base */,
			);
			name = LaunchScreen.storyboard;
			sourceTree = "<group>";
		};
/* End PBXVariantGroup section */

/* Begin XCBuildConfiguration section */
		01C2BDB3215CCB08002C024B /* Debug */ = {
			isa = XCBuildConfiguration;
			buildSettings = {
				ALWAYS_SEARCH_USER_PATHS = NO;
				CLANG_ANALYZER_NONNULL = YES;
				CLANG_ANALYZER_NUMBER_OBJECT_CONVERSION = YES_AGGRESSIVE;
				CLANG_CXX_LANGUAGE_STANDARD = "gnu++14";
				CLANG_CXX_LIBRARY = "libc++";
				CLANG_ENABLE_MODULES = YES;
				CLANG_ENABLE_OBJC_ARC = YES;
				CLANG_ENABLE_OBJC_WEAK = YES;
				CLANG_WARN_BLOCK_CAPTURE_AUTORELEASING = YES;
				CLANG_WARN_BOOL_CONVERSION = YES;
				CLANG_WARN_COMMA = YES;
				CLANG_WARN_CONSTANT_CONVERSION = YES;
				CLANG_WARN_DEPRECATED_OBJC_IMPLEMENTATIONS = YES;
				CLANG_WARN_DIRECT_OBJC_ISA_USAGE = YES_ERROR;
				CLANG_WARN_DOCUMENTATION_COMMENTS = YES;
				CLANG_WARN_EMPTY_BODY = YES;
				CLANG_WARN_ENUM_CONVERSION = YES;
				CLANG_WARN_INFINITE_RECURSION = YES;
				CLANG_WARN_INT_CONVERSION = YES;
				CLANG_WARN_NON_LITERAL_NULL_CONVERSION = YES;
				CLANG_WARN_OBJC_IMPLICIT_RETAIN_SELF = YES;
				CLANG_WARN_OBJC_LITERAL_CONVERSION = YES;
				CLANG_WARN_OBJC_ROOT_CLASS = YES_ERROR;
				CLANG_WARN_RANGE_LOOP_ANALYSIS = YES;
				CLANG_WARN_STRICT_PROTOTYPES = YES;
				CLANG_WARN_SUSPICIOUS_MOVE = YES;
				CLANG_WARN_UNGUARDED_AVAILABILITY = YES_AGGRESSIVE;
				CLANG_WARN_UNREACHABLE_CODE = YES;
				CLANG_WARN__DUPLICATE_METHOD_MATCH = YES;
				CODE_SIGN_IDENTITY = "iPhone Developer";
				COPY_PHASE_STRIP = NO;
				DEBUG_INFORMATION_FORMAT = dwarf;
				ENABLE_STRICT_OBJC_MSGSEND = YES;
				ENABLE_TESTABILITY = YES;
				GCC_C_LANGUAGE_STANDARD = gnu11;
				GCC_DYNAMIC_NO_PIC = NO;
				GCC_NO_COMMON_BLOCKS = YES;
				GCC_OPTIMIZATION_LEVEL = 0;
				GCC_PREPROCESSOR_DEFINITIONS = (
					"DEBUG=1",
					"$(inherited)",
				);
				GCC_WARN_64_TO_32_BIT_CONVERSION = YES;
				GCC_WARN_ABOUT_RETURN_TYPE = YES_ERROR;
				GCC_WARN_UNDECLARED_SELECTOR = YES;
				GCC_WARN_UNINITIALIZED_AUTOS = YES_AGGRESSIVE;
				GCC_WARN_UNUSED_FUNCTION = YES;
				GCC_WARN_UNUSED_VARIABLE = YES;
				IPHONEOS_DEPLOYMENT_TARGET = 12.0;
				MTL_ENABLE_DEBUG_INFO = INCLUDE_SOURCE;
				MTL_FAST_MATH = YES;
				ONLY_ACTIVE_ARCH = YES;
				SDKROOT = iphoneos;
				SWIFT_ACTIVE_COMPILATION_CONDITIONS = DEBUG;
				SWIFT_OPTIMIZATION_LEVEL = "-Onone";
			};
			name = Debug;
		};
		01C2BDB4215CCB08002C024B /* Release */ = {
			isa = XCBuildConfiguration;
			buildSettings = {
				ALWAYS_SEARCH_USER_PATHS = NO;
				CLANG_ANALYZER_NONNULL = YES;
				CLANG_ANALYZER_NUMBER_OBJECT_CONVERSION = YES_AGGRESSIVE;
				CLANG_CXX_LANGUAGE_STANDARD = "gnu++14";
				CLANG_CXX_LIBRARY = "libc++";
				CLANG_ENABLE_MODULES = YES;
				CLANG_ENABLE_OBJC_ARC = YES;
				CLANG_ENABLE_OBJC_WEAK = YES;
				CLANG_WARN_BLOCK_CAPTURE_AUTORELEASING = YES;
				CLANG_WARN_BOOL_CONVERSION = YES;
				CLANG_WARN_COMMA = YES;
				CLANG_WARN_CONSTANT_CONVERSION = YES;
				CLANG_WARN_DEPRECATED_OBJC_IMPLEMENTATIONS = YES;
				CLANG_WARN_DIRECT_OBJC_ISA_USAGE = YES_ERROR;
				CLANG_WARN_DOCUMENTATION_COMMENTS = YES;
				CLANG_WARN_EMPTY_BODY = YES;
				CLANG_WARN_ENUM_CONVERSION = YES;
				CLANG_WARN_INFINITE_RECURSION = YES;
				CLANG_WARN_INT_CONVERSION = YES;
				CLANG_WARN_NON_LITERAL_NULL_CONVERSION = YES;
				CLANG_WARN_OBJC_IMPLICIT_RETAIN_SELF = YES;
				CLANG_WARN_OBJC_LITERAL_CONVERSION = YES;
				CLANG_WARN_OBJC_ROOT_CLASS = YES_ERROR;
				CLANG_WARN_RANGE_LOOP_ANALYSIS = YES;
				CLANG_WARN_STRICT_PROTOTYPES = YES;
				CLANG_WARN_SUSPICIOUS_MOVE = YES;
				CLANG_WARN_UNGUARDED_AVAILABILITY = YES_AGGRESSIVE;
				CLANG_WARN_UNREACHABLE_CODE = YES;
				CLANG_WARN__DUPLICATE_METHOD_MATCH = YES;
				CODE_SIGN_IDENTITY = "iPhone Developer";
				COPY_PHASE_STRIP = NO;
				DEBUG_INFORMATION_FORMAT = "dwarf-with-dsym";
				ENABLE_NS_ASSERTIONS = NO;
				ENABLE_STRICT_OBJC_MSGSEND = YES;
				GCC_C_LANGUAGE_STANDARD = gnu11;
				GCC_NO_COMMON_BLOCKS = YES;
				GCC_WARN_64_TO_32_BIT_CONVERSION = YES;
				GCC_WARN_ABOUT_RETURN_TYPE = YES_ERROR;
				GCC_WARN_UNDECLARED_SELECTOR = YES;
				GCC_WARN_UNINITIALIZED_AUTOS = YES_AGGRESSIVE;
				GCC_WARN_UNUSED_FUNCTION = YES;
				GCC_WARN_UNUSED_VARIABLE = YES;
				IPHONEOS_DEPLOYMENT_TARGET = 12.0;
				MTL_ENABLE_DEBUG_INFO = NO;
				MTL_FAST_MATH = YES;
				SDKROOT = iphoneos;
				SWIFT_COMPILATION_MODE = wholemodule;
				SWIFT_OPTIMIZATION_LEVEL = "-O";
				VALIDATE_PRODUCT = YES;
			};
			name = Release;
		};
		01C2BDB6215CCB08002C024B /* Debug */ = {
			isa = XCBuildConfiguration;
			baseConfigurationReference = 1AF7D8C00561E00E304E9949 /* Pods-RXTableViewDemo.debug.xcconfig */;
			buildSettings = {
				ASSETCATALOG_COMPILER_APPICON_NAME = AppIcon;
				CODE_SIGN_STYLE = Automatic;
				DEVELOPMENT_TEAM = U7J77R4NH6;
				INFOPLIST_FILE = RXTableViewDemo/Info.plist;
				LD_RUNPATH_SEARCH_PATHS = (
					"$(inherited)",
					"@executable_path/Frameworks",
				);
				PRODUCT_BUNDLE_IDENTIFIER = com.cn.nick.RXTableViewDemo;
				PRODUCT_NAME = "$(TARGET_NAME)";
				SWIFT_VERSION = 4.2;
				TARGETED_DEVICE_FAMILY = "1,2";
			};
			name = Debug;
		};
		01C2BDB7215CCB08002C024B /* Release */ = {
			isa = XCBuildConfiguration;
			baseConfigurationReference = 18A206BA202EB4B95CD28ABD /* Pods-RXTableViewDemo.release.xcconfig */;
			buildSettings = {
				ASSETCATALOG_COMPILER_APPICON_NAME = AppIcon;
				CODE_SIGN_STYLE = Automatic;
				DEVELOPMENT_TEAM = U7J77R4NH6;
				INFOPLIST_FILE = RXTableViewDemo/Info.plist;
				LD_RUNPATH_SEARCH_PATHS = (
					"$(inherited)",
					"@executable_path/Frameworks",
				);
				PRODUCT_BUNDLE_IDENTIFIER = com.cn.nick.RXTableViewDemo;
				PRODUCT_NAME = "$(TARGET_NAME)";
				SWIFT_VERSION = 4.2;
				TARGETED_DEVICE_FAMILY = "1,2";
			};
			name = Release;
		};
		01C2BDB9215CCB08002C024B /* Debug */ = {
			isa = XCBuildConfiguration;
			buildSettings = {
				ALWAYS_EMBED_SWIFT_STANDARD_LIBRARIES = YES;
				BUNDLE_LOADER = "$(TEST_HOST)";
				CODE_SIGN_STYLE = Automatic;
				DEVELOPMENT_TEAM = U7J77R4NH6;
				INFOPLIST_FILE = RXTableViewDemoTests/Info.plist;
				LD_RUNPATH_SEARCH_PATHS = (
					"$(inherited)",
					"@executable_path/Frameworks",
					"@loader_path/Frameworks",
				);
				PRODUCT_BUNDLE_IDENTIFIER = com.cn.nick.RXTableViewDemoTests;
				PRODUCT_NAME = "$(TARGET_NAME)";
				SWIFT_VERSION = 4.2;
				TARGETED_DEVICE_FAMILY = "1,2";
				TEST_HOST = "$(BUILT_PRODUCTS_DIR)/RXTableViewDemo.app/RXTableViewDemo";
			};
			name = Debug;
		};
		01C2BDBA215CCB08002C024B /* Release */ = {
			isa = XCBuildConfiguration;
			buildSettings = {
				ALWAYS_EMBED_SWIFT_STANDARD_LIBRARIES = YES;
				BUNDLE_LOADER = "$(TEST_HOST)";
				CODE_SIGN_STYLE = Automatic;
				DEVELOPMENT_TEAM = U7J77R4NH6;
				INFOPLIST_FILE = RXTableViewDemoTests/Info.plist;
				LD_RUNPATH_SEARCH_PATHS = (
					"$(inherited)",
					"@executable_path/Frameworks",
					"@loader_path/Frameworks",
				);
				PRODUCT_BUNDLE_IDENTIFIER = com.cn.nick.RXTableViewDemoTests;
				PRODUCT_NAME = "$(TARGET_NAME)";
				SWIFT_VERSION = 4.2;
				TARGETED_DEVICE_FAMILY = "1,2";
				TEST_HOST = "$(BUILT_PRODUCTS_DIR)/RXTableViewDemo.app/RXTableViewDemo";
			};
			name = Release;
		};
		01C2BDBC215CCB08002C024B /* Debug */ = {
			isa = XCBuildConfiguration;
			buildSettings = {
				ALWAYS_EMBED_SWIFT_STANDARD_LIBRARIES = YES;
				CODE_SIGN_STYLE = Automatic;
				DEVELOPMENT_TEAM = U7J77R4NH6;
				INFOPLIST_FILE = RXTableViewDemoUITests/Info.plist;
				LD_RUNPATH_SEARCH_PATHS = (
					"$(inherited)",
					"@executable_path/Frameworks",
					"@loader_path/Frameworks",
				);
				PRODUCT_BUNDLE_IDENTIFIER = com.cn.nick.RXTableViewDemoUITests;
				PRODUCT_NAME = "$(TARGET_NAME)";
				SWIFT_VERSION = 4.2;
				TARGETED_DEVICE_FAMILY = "1,2";
				TEST_TARGET_NAME = RXTableViewDemo;
			};
			name = Debug;
		};
		01C2BDBD215CCB08002C024B /* Release */ = {
			isa = XCBuildConfiguration;
			buildSettings = {
				ALWAYS_EMBED_SWIFT_STANDARD_LIBRARIES = YES;
				CODE_SIGN_STYLE = Automatic;
				DEVELOPMENT_TEAM = U7J77R4NH6;
				INFOPLIST_FILE = RXTableViewDemoUITests/Info.plist;
				LD_RUNPATH_SEARCH_PATHS = (
					"$(inherited)",
					"@executable_path/Frameworks",
					"@loader_path/Frameworks",
				);
				PRODUCT_BUNDLE_IDENTIFIER = com.cn.nick.RXTableViewDemoUITests;
				PRODUCT_NAME = "$(TARGET_NAME)";
				SWIFT_VERSION = 4.2;
				TARGETED_DEVICE_FAMILY = "1,2";
				TEST_TARGET_NAME = RXTableViewDemo;
			};
			name = Release;
		};
/* End XCBuildConfiguration section */

/* Begin XCConfigurationList section */
		01C2BD88215CCB06002C024B /* Build configuration list for PBXProject "RXTableViewDemo" */ = {
			isa = XCConfigurationList;
			buildConfigurations = (
				01C2BDB3215CCB08002C024B /* Debug */,
				01C2BDB4215CCB08002C024B /* Release */,
			);
			defaultConfigurationIsVisible = 0;
			defaultConfigurationName = Release;
		};
		01C2BDB5215CCB08002C024B /* Build configuration list for PBXNativeTarget "RXTableViewDemo" */ = {
			isa = XCConfigurationList;
			buildConfigurations = (
				01C2BDB6215CCB08002C024B /* Debug */,
				01C2BDB7215CCB08002C024B /* Release */,
			);
			defaultConfigurationIsVisible = 0;
			defaultConfigurationName = Release;
		};
		01C2BDB8215CCB08002C024B /* Build configuration list for PBXNativeTarget "RXTableViewDemoTests" */ = {
			isa = XCConfigurationList;
			buildConfigurations = (
				01C2BDB9215CCB08002C024B /* Debug */,
				01C2BDBA215CCB08002C024B /* Release */,
			);
			defaultConfigurationIsVisible = 0;
			defaultConfigurationName = Release;
		};
		01C2BDBB215CCB08002C024B /* Build configuration list for PBXNativeTarget "RXTableViewDemoUITests" */ = {
			isa = XCConfigurationList;
			buildConfigurations = (
				01C2BDBC215CCB08002C024B /* Debug */,
				01C2BDBD215CCB08002C024B /* Release */,
			);
			defaultConfigurationIsVisible = 0;
			defaultConfigurationName = Release;
		};
/* End XCConfigurationList section */
	};
	rootObject = 01C2BD85215CCB06002C024B /* Project object */;
}
